
Microsoft Visual Studio Solution File, Format Version 12.00
# Visual Studio Version 18
VisualStudioVersion = 18.10.12201.205 stable
MinimumVisualStudioVersion = 10.0.40219.1
Project("{FAE04EC0-301F-11D3-BF4B-00C04F79EFBC}") = "GolBet.Web", "GolBet.Web\GolBet.Web.csproj", "{1179B2C2-D543-4FCC-8CE9-68C8D7B7B23C}"
EndProject
Project("{FAE04EC0-301F-11D3-BF4B-00C04F79EFBC}") = "GolBet.Services", "GolBet.Services\GolBet.Services.csproj", "{23520BFE-4663-49A6-A3B6-08EA689FB8EC}"
EndProject
Project("{FAE04EC0-301F-11D3-BF4B-00C04F79EFBC}") = "GolBet.Repositories", "GolBet.Repositories\GolBet.Repositories.csproj", "{CF02DD20-3F03-461C-91FC-0129B2270C9E}"
EndProject
Project("{FAE04EC0-301F-11D3-BF4B-00C04F79EFBC}") = "GolBet.Entities", "GolBet.Entities\GolBet.Entities.csproj", "{C9E73F0D-938C-4D3C-8AA2-63C641440A2B}"
EndProject
Global
	GlobalSection(SolutionConfigurationPlatforms) = preSolution
		Debug|Any CPU = Debug|Any CPU
		Debug|x64 = Debug|x64
		Debug|x86 = Debug|x86
		Release|Any CPU = Release|Any CPU
		Release|x64 = Release|x64
		Release|x86 = Release|x86
	EndGlobalSection
	GlobalSection(ProjectConfigurationPlatforms) = postSolution
		{1179B2C2-D543-4FCC-8CE9-68C8D7B7B23C}.Debug|Any CPU.ActiveCfg = Debug|Any CPU
		{1179B2C2-D543-4FCC-8CE9-68C8D7B7B23C}.Debug|Any CPU.Build.0 = Debug|Any CPU
		{1179B2C2-D543-4FCC-8CE9-68C8D7B7B23C}.Debug|x64.ActiveCfg = Debug|Any CPU
		{1179B2C2-D543-4FCC-8CE9-68C8D7B7B23C}.Debug|x64.Build.0 = Debug|Any CPU
		{1179B2C2-D543-4FCC-8CE9-68C8D7B7B23C}.Debug|x86.ActiveCfg = Debug|Any CPU
		{1179B2C2-D543-4FCC-8CE9-68C8D7B7B23C}.Debug|x86.Build.0 = Debug|Any CPU
		{1179B2C2-D543-4FCC-8CE9-68C8D7B7B23C}.Release|Any CPU.ActiveCfg = Release|Any CPU
		{1179B2C2-D543-4FCC-8CE9-68C8D7B7B23C}.Release|Any CPU.Build.0 = Release|Any CPU
		{1179B2C2-D543-4FCC-8CE9-68C8D7B7B23C}.Release|x64.ActiveCfg = Release|Any CPU
		{1179B2C2-D543-4FCC-8CE9-68C8D7B7B23C}.Release|x64.Build.0 = Release|Any CPU
		{1179B2C2-D543-4FCC-8CE9-68C8D7B7B23C}.Release|x86.ActiveCfg = Release|Any CPU
		{1179B2C2-D543-4FCC-8CE9-68C8D7B7B23C}.Release|x86.Build.0 = Release|Any CPU
		{23520BFE-4663-49A6-A3B6-08EA689FB8EC}.Debug|Any CPU.ActiveCfg = Debug|Any CPU
		{23520BFE-4663-49A6-A3B6-08EA689FB8EC}.Debug|Any CPU.Build.0 = Debug|Any CPU
		{23520BFE-4663-49A6-A3B6-08EA689FB8EC}.Debug|x64.ActiveCfg = Debug|Any CPU
		{23520BFE-4663-49A6-A3B6-08EA689FB8EC}.Debug|x64.Build.0 = Debug|Any CPU
		{23520BFE-4663-49A6-A3B6-08EA689FB8EC}.Debug|x86.ActiveCfg = Debug|Any CPU
		{23520BFE-4663-49A6-A3B6-08EA689FB8EC}.Debug|x86.Build.0 = Debug|Any CPU
		{23520BFE-4663-49A6-A3B6-08EA689FB8EC}.Release|Any CPU.ActiveCfg = Release|Any CPU
		{23520BFE-4663-49A6-A3B6-08EA689FB8EC}.Release|Any CPU.Build.0 = Release|Any CPU
		{23520BFE-4663-49A6-A3B6-08EA689FB8EC}.Release|x64.ActiveCfg = Release|Any CPU
		{23520BFE-4663-49A6-A3B6-08EA689FB8EC}.Release|x64.Build.0 = Release|Any CPU
		{23520BFE-4663-49A6-A3B6-08EA689FB8EC}.Release|x86.ActiveCfg = Release|Any CPU
		{23520BFE-4663-49A6-A3B6-08EA689FB8EC}.Release|x86.Build.0 = Release|Any CPU
		{CF02DD20-3F03-461C-91FC-0129B2270C9E}.Debug|Any CPU.ActiveCfg = Debug|Any CPU
		{CF02DD20-3F03-461C-91FC-0129B2270C9E}.Debug|Any CPU.Build.0 = Debug|Any CPU
		{CF02DD20-3F03-461C-91FC-0129B2270C9E}.Debug|x64.ActiveCfg = Debug|Any CPU
		{CF02DD20-3F03-461C-91FC-0129B2270C9E}.Debug|x64.Build.0 = Debug|Any CPU
		{CF02DD20-3F03-461C-91FC-0129B2270C9E}.Debug|x86.ActiveCfg = Debug|Any CPU
		{CF02DD20-3F03-461C-91FC-0129B2270C9E}.Debug|x86.Build.0 = Debug|Any CPU
		{CF02DD20-3F03-461C-91FC-0129B2270C9E}.Release|Any CPU.ActiveCfg = Release|Any CPU
		{CF02DD20-3F03-461C-91FC-0129B2270C9E}.Release|Any CPU.Build.0 = Release|Any CPU
		{CF02DD20-3F03-461C-91FC-0129B2270C9E}.Release|x64.ActiveCfg = Release|Any CPU
		{CF02DD20-3F03-461C-91FC-0129B2270C9E}.Release|x64.Build.0 = Release|Any CPU
		{CF02DD20-3F03-461C-91FC-0129B2270C9E}.Release|x86.ActiveCfg = Release|Any CPU
		{CF02DD20-3F03-461C-91FC-0129B2270C9E}.Release|x86.Build.0 = Release|Any CPU
		{C9E73F0D-938C-4D3C-8AA2-63C641440A2B}.Debug|Any CPU.ActiveCfg = Debug|Any CPU
		{C9E73F0D-938C-4D3C-8AA2-63C641440A2B}.Debug|Any CPU.Build.0 = Debug|Any CPU
		{C9E73F0D-938C-4D3C-8AA2-63C641440A2B}.Debug|x64.ActiveCfg = Debug|Any CPU
		{C9E73F0D-938C-4D3C-8AA2-63C641440A2B}.Debug|x64.Build.0 = Debug|Any CPU
		{C9E73F0D-938C-4D3C-8AA2-63C641440A2B}.Debug|x86.ActiveCfg = Debug|Any CPU
		{C9E73F0D-938C-4D3C-8AA2-63C641440A2B}.Debug|x86.Build.0 = Debug|Any CPU
		{C9E73F0D-938C-4D3C-8AA2-63C641440A2B}.Release|Any CPU.ActiveCfg = Release|Any CPU
		{C9E73F0D-938C-4D3C-8AA2-63C641440A2B}.Release|Any CPU.Build.0 = Release|Any CPU
		{C9E73F0D-938C-4D3C-8AA2-63C641440A2B}.Release|x64.ActiveCfg = Release|Any CPU
		{C9E73F0D-938C-4D3C-8AA2-63C641440A2B}.Release|x64.Build.0 = Release|Any CPU
		{C9E73F0D-938C-4D3C-8AA2-63C641440A2B}.Release|x86.ActiveCfg = Release|Any CPU
		{C9E73F0D-938C-4D3C-8AA2-63C641440A2B}.Release|x86.Build.0 = Release|Any CPU
	EndGlobalSection
	GlobalSection(SolutionProperties) = preSolution
		HideSolutionNode = FALSE
	EndGlobalSection
EndGlobal
